// !$*UTF8*$!
{
	archiveVersion = 1;
	classes = {
	};
	objectVersion = 51;
	objects = {

/* Begin PBXBuildFile section */
		87C084601DE16A950AA64004 /* Pods_demo.framework in Frameworks */ = {isa = PBXBuildFile; fileRef = EFCE8ACB283321834DD5B72D /* Pods_demo.framework */; };
		D4694311243C3B1E00E26D4A /* UIViewController+Router.m in Sources */ = {isa = PBXBuildFile; fileRef = D4694310243C3B1E00E26D4A /* UIViewController+Router.m */; };
		D4694313243C3BBE00E26D4A /* oc-viper-base.podspec in Resources */ = {isa = PBXBuildFile; fileRef = D4694312243C3BBE00E26D4A /* oc-viper-base.podspec */; };
		D4EE32F3243B5AB400ED3014 /* AppDelegate.m in Sources */ = {isa = PBXBuildFile; fileRef = D4EE32F2243B5AB400ED3014 /* AppDelegate.m */; };
		D4EE32F6243B5AB400ED3014 /* SceneDelegate.m in Sources */ = {isa = PBXBuildFile; fileRef = D4EE32F5243B5AB400ED3014 /* SceneDelegate.m */; };
		D4EE32F9243B5AB400ED3014 /* ViewController.m in Sources */ = {isa = PBXBuildFile; fileRef = D4EE32F8243B5AB400ED3014 /* ViewController.m */; };
		D4EE32FC243B5AB400ED3014 /* Main.storyboard in Resources */ = {isa = PBXBuildFile; fileRef = D4EE32FA243B5AB400ED3014 /* Main.storyboard */; };
		D4EE32FE243B5AB500ED3014 /* Assets.xcassets in Resources */ = {isa = PBXBuildFile; fileRef = D4EE32FD243B5AB500ED3014 /* Assets.xcassets */; };
		D4EE3301243B5AB500ED3014 /* LaunchScreen.storyboard in Resources */ = {isa = PBXBuildFile; fileRef = D4EE32FF243B5AB500ED3014 /* LaunchScreen.storyboard */; };
		D4EE3304243B5AB500ED3014 /* main.m in Sources */ = {isa = PBXBuildFile; fileRef = D4EE3303243B5AB500ED3014 /* main.m */; };
		D4EE3392243B5AC400ED3014 /* VB_Entity.m in Sources */ = {isa = PBXBuildFile; fileRef = D4EE330D243B5AC400ED3014 /* VB_Entity.m */; };
		D4EE3393243B5AC400ED3014 /* VB_Presenter.m in Sources */ = {isa = PBXBuildFile; fileRef = D4EE330E243B5AC400ED3014 /* VB_Presenter.m */; };
		D4EE3394243B5AC400ED3014 /* VB_IndexPathEntity.m in Sources */ = {isa = PBXBuildFile; fileRef = D4EE3313243B5AC400ED3014 /* VB_IndexPathEntity.m */; };
		D4EE3395243B5AC400ED3014 /* NSObject+PromiseAction.m in Sources */ = {isa = PBXBuildFile; fileRef = D4EE3315243B5AC400ED3014 /* NSObject+PromiseAction.m */; };
		D4EE3396243B5AC400ED3014 /* VB_Interactor+DataTrans.m in Sources */ = {isa = PBXBuildFile; fileRef = D4EE3316243B5AC400ED3014 /* VB_Interactor+DataTrans.m */; };
		D4EE3397243B5AC400ED3014 /* VB_Router+CocoaTouch.m in Sources */ = {isa = PBXBuildFile; fileRef = D4EE3318243B5AC400ED3014 /* VB_Router+CocoaTouch.m */; };
		D4EE3398243B5AC400ED3014 /* VB_Presenter+UIKit.m in Sources */ = {isa = PBXBuildFile; fileRef = D4EE331B243B5AC400ED3014 /* VB_Presenter+UIKit.m */; };
		D4EE3399243B5AC400ED3014 /* VB_Presenter+Action.m in Sources */ = {isa = PBXBuildFile; fileRef = D4EE331F243B5AC400ED3014 /* VB_Presenter+Action.m */; };
		D4EE339A243B5AC400ED3014 /* VB_Presenter+DataTrans.m in Sources */ = {isa = PBXBuildFile; fileRef = D4EE3320243B5AC400ED3014 /* VB_Presenter+DataTrans.m */; };
		D4EE339B243B5AC400ED3014 /* VB_Router.m in Sources */ = {isa = PBXBuildFile; fileRef = D4EE3321243B5AC400ED3014 /* VB_Router.m */; };
		D4EE339C243B5AC400ED3014 /* VB_Component.m in Sources */ = {isa = PBXBuildFile; fileRef = D4EE3324243B5AC400ED3014 /* VB_Component.m */; };
		D4EE339D243B5AC400ED3014 /* VB_TablePicker_Component.m in Sources */ = {isa = PBXBuildFile; fileRef = D4EE3326243B5AC400ED3014 /* VB_TablePicker_Component.m */; };
		D4EE339E243B5AC400ED3014 /* VB_AlertComponent.m in Sources */ = {isa = PBXBuildFile; fileRef = D4EE3327243B5AC400ED3014 /* VB_AlertComponent.m */; };
		D4EE339F243B5AC400ED3014 /* VB_Picker_Component.m in Sources */ = {isa = PBXBuildFile; fileRef = D4EE3328243B5AC400ED3014 /* VB_Picker_Component.m */; };
		D4EE33A0243B5AC400ED3014 /* VB_SVProgressHUDComponent.m in Sources */ = {isa = PBXBuildFile; fileRef = D4EE332B243B5AC400ED3014 /* VB_SVProgressHUDComponent.m */; };
		D4EE33A1243B5AC400ED3014 /* VB_STPopupComponent.m in Sources */ = {isa = PBXBuildFile; fileRef = D4EE332D243B5AC400ED3014 /* VB_STPopupComponent.m */; };
		D4EE33A2243B5AC400ED3014 /* VB_Picker_Table_Interactor.m in Sources */ = {isa = PBXBuildFile; fileRef = D4EE332F243B5AC400ED3014 /* VB_Picker_Table_Interactor.m */; };
		D4EE33A3243B5AC400ED3014 /* VB_Picker_Table_Presenter.m in Sources */ = {isa = PBXBuildFile; fileRef = D4EE3330243B5AC400ED3014 /* VB_Picker_Table_Presenter.m */; };
		D4EE33A4243B5AC400ED3014 /* VB_Picker_Presenter.m in Sources */ = {isa = PBXBuildFile; fileRef = D4EE3331243B5AC400ED3014 /* VB_Picker_Presenter.m */; };
		D4EE33A5243B5AC400ED3014 /* VB_TableviewComponent.m in Sources */ = {isa = PBXBuildFile; fileRef = D4EE3336243B5AC400ED3014 /* VB_TableviewComponent.m */; };
		D4EE33A6243B5AC400ED3014 /* VBCollectionChange.m in Sources */ = {isa = PBXBuildFile; fileRef = D4EE3337243B5AC400ED3014 /* VBCollectionChange.m */; };
		D4EE33A7243B5AC400ED3014 /* VB_Interactor.m in Sources */ = {isa = PBXBuildFile; fileRef = D4EE333C243B5AC400ED3014 /* VB_Interactor.m */; };
		D4EE33A8243B5AC400ED3014 /* AnyPromise+VB.m in Sources */ = {isa = PBXBuildFile; fileRef = D4EE3340243B5AC400ED3014 /* AnyPromise+VB.m */; };
		D4EE33A9243B5AC400ED3014 /* NSObject+VB.m in Sources */ = {isa = PBXBuildFile; fileRef = D4EE3343243B5AC400ED3014 /* NSObject+VB.m */; };
		D4EE33AA243B5AC400ED3014 /* UITableViewCell+VB.m in Sources */ = {isa = PBXBuildFile; fileRef = D4EE3344243B5AC400ED3014 /* UITableViewCell+VB.m */; };
		D4EE33AB243B5AC400ED3014 /* VB_Presenter+Gesture.m in Sources */ = {isa = PBXBuildFile; fileRef = D4EE3345243B5AC400ED3014 /* VB_Presenter+Gesture.m */; };
		D4EE33AC243B5AC400ED3014 /* UIBarButtonItem+VB.m in Sources */ = {isa = PBXBuildFile; fileRef = D4EE3346243B5AC400ED3014 /* UIBarButtonItem+VB.m */; };
		D4EE33AD243B5AC400ED3014 /* UIControl+VB.m in Sources */ = {isa = PBXBuildFile; fileRef = D4EE3348243B5AC400ED3014 /* UIControl+VB.m */; };
		D4EE33AE243B5AC400ED3014 /* VB_Router+Hide.m in Sources */ = {isa = PBXBuildFile; fileRef = D4EE334B243B5AC400ED3014 /* VB_Router+Hide.m */; };
		D4EE33AF243B5AC400ED3014 /* VB_FileSelectorInteractor.m in Sources */ = {isa = PBXBuildFile; fileRef = D4EE3350243B5AC400ED3014 /* VB_FileSelectorInteractor.m */; };
		D4EE33B0243B5AC400ED3014 /* VB_FormatterManager.m in Sources */ = {isa = PBXBuildFile; fileRef = D4EE3353243B5AC400ED3014 /* VB_FormatterManager.m */; };
		D4EE33B1243B5AC400ED3014 /* VB_FontLoader.m in Sources */ = {isa = PBXBuildFile; fileRef = D4EE3357243B5AC400ED3014 /* VB_FontLoader.m */; };
		D4EE33B2243B5AC400ED3014 /* ImportedFontPresenter.m in Sources */ = {isa = PBXBuildFile; fileRef = D4EE335B243B5AC400ED3014 /* ImportedFontPresenter.m */; };
		D4EE33B3243B5AC400ED3014 /* SettingCellDescription.m in Sources */ = {isa = PBXBuildFile; fileRef = D4EE3362243B5AC400ED3014 /* SettingCellDescription.m */; };
		D4EE33B4243B5AC400ED3014 /* SettingCellNumber.xib in Resources */ = {isa = PBXBuildFile; fileRef = D4EE3363243B5AC400ED3014 /* SettingCellNumber.xib */; };
		D4EE33B5243B5AC400ED3014 /* SettingCellTitle.xib in Resources */ = {isa = PBXBuildFile; fileRef = D4EE3364243B5AC400ED3014 /* SettingCellTitle.xib */; };
		D4EE33B6243B5AC400ED3014 /* SettingCellSwitch.m in Sources */ = {isa = PBXBuildFile; fileRef = D4EE3365243B5AC400ED3014 /* SettingCellSwitch.m */; };
		D4EE33B7243B5AC400ED3014 /* SettingCellTitle.m in Sources */ = {isa = PBXBuildFile; fileRef = D4EE3366243B5AC400ED3014 /* SettingCellTitle.m */; };
		D4EE33B8243B5AC400ED3014 /* SettingCellNumber.m in Sources */ = {isa = PBXBuildFile; fileRef = D4EE3367243B5AC400ED3014 /* SettingCellNumber.m */; };
		D4EE33B9243B5AC400ED3014 /* SettingCellDescription.xib in Resources */ = {isa = PBXBuildFile; fileRef = D4EE3369243B5AC400ED3014 /* SettingCellDescription.xib */; };
		D4EE33BA243B5AC400ED3014 /* SettingCellSwitch.xib in Resources */ = {isa = PBXBuildFile; fileRef = D4EE336B243B5AC400ED3014 /* SettingCellSwitch.xib */; };
		D4EE33BB243B5AC400ED3014 /* SettingPageInteractor.m in Sources */ = {isa = PBXBuildFile; fileRef = D4EE336E243B5AC400ED3014 /* SettingPageInteractor.m */; };
		D4EE33BC243B5AC400ED3014 /* SettingItemEntity.m in Sources */ = {isa = PBXBuildFile; fileRef = D4EE3370243B5AC400ED3014 /* SettingItemEntity.m */; };
		D4EE33BD243B5AC400ED3014 /* DemoSettingEntity.m in Sources */ = {isa = PBXBuildFile; fileRef = D4EE3372243B5AC400ED3014 /* DemoSettingEntity.m */; };
		D4EE33BE243B5AC400ED3014 /* SettingEntity.m in Sources */ = {isa = PBXBuildFile; fileRef = D4EE3375243B5AC400ED3014 /* SettingEntity.m */; };
		D4EE33BF243B5AC400ED3014 /* SettingPagePresenter.m in Sources */ = {isa = PBXBuildFile; fileRef = D4EE3377243B5AC400ED3014 /* SettingPagePresenter.m */; };
		D4EE33C0243B5AC400ED3014 /* SystemFontToolPresenter.m in Sources */ = {isa = PBXBuildFile; fileRef = D4EE3379243B5AC400ED3014 /* SystemFontToolPresenter.m */; };
		D4EE33C1243B5AC400ED3014 /* SystemFontToolInteractor.m in Sources */ = {isa = PBXBuildFile; fileRef = D4EE337A243B5AC400ED3014 /* SystemFontToolInteractor.m */; };
		D4EE33C2243B5AC400ED3014 /* DemoMainListCell.xib in Resources */ = {isa = PBXBuildFile; fileRef = D4EE337D243B5AC400ED3014 /* DemoMainListCell.xib */; };
		D4EE33C3243B5AC400ED3014 /* DemoMainListCell.m in Sources */ = {isa = PBXBuildFile; fileRef = D4EE337E243B5AC400ED3014 /* DemoMainListCell.m */; };
		D4EE33C4243B5AC400ED3014 /* CustomCellEntity.m in Sources */ = {isa = PBXBuildFile; fileRef = D4EE3382243B5AC400ED3014 /* CustomCellEntity.m */; };
		D4EE33C5243B5AC400ED3014 /* VB_FetchProvider.m in Sources */ = {isa = PBXBuildFile; fileRef = D4EE3387243B5AC400ED3014 /* VB_FetchProvider.m */; };
		D4EE33C6243B5AC400ED3014 /* VB_ArrayProvider.m in Sources */ = {isa = PBXBuildFile; fileRef = D4EE3388243B5AC400ED3014 /* VB_ArrayProvider.m */; };
		D4EE33C7243B5AC400ED3014 /* NSObject+Runtime.m in Sources */ = {isa = PBXBuildFile; fileRef = D4EE338A243B5AC400ED3014 /* NSObject+Runtime.m */; };
		D4EE33C8243B5AC400ED3014 /* VB_DataProvider.m in Sources */ = {isa = PBXBuildFile; fileRef = D4EE338D243B5AC400ED3014 /* VB_DataProvider.m */; };
		D4EE33C9243B5AC400ED3014 /* UIViewController+VB_Debug.m in Sources */ = {isa = PBXBuildFile; fileRef = D4EE3390243B5AC400ED3014 /* UIViewController+VB_Debug.m */; };
/* End PBXBuildFile section */

/* Begin PBXFileReference section */
		22DF1033DCAC75D298D555DD /* Pods-demo.release.xcconfig */ = {isa = PBXFileReference; includeInIndex = 1; lastKnownFileType = text.xcconfig; name = "Pods-demo.release.xcconfig"; path = "Target Support Files/Pods-demo/Pods-demo.release.xcconfig"; sourceTree = "<group>"; };
		8B51DB0EF0BE0D12734FA0A4 /* Pods-demo.debug.xcconfig */ = {isa = PBXFileReference; includeInIndex = 1; lastKnownFileType = text.xcconfig; name = "Pods-demo.debug.xcconfig"; path = "Target Support Files/Pods-demo/Pods-demo.debug.xcconfig"; sourceTree = "<group>"; };
		D469430F243C3B1E00E26D4A /* UIViewController+Router.h */ = {isa = PBXFileReference; lastKnownFileType = sourcecode.c.h; path = "UIViewController+Router.h"; sourceTree = "<group>"; };
		D4694310243C3B1E00E26D4A /* UIViewController+Router.m */ = {isa = PBXFileReference; lastKnownFileType = sourcecode.c.objc; path = "UIViewController+Router.m"; sourceTree = "<group>"; };
		D4694312243C3BBE00E26D4A /* oc-viper-base.podspec */ = {isa = PBXFileReference; fileEncoding = 4; lastKnownFileType = text; name = "oc-viper-base.podspec"; path = "../oc-viper-base.podspec"; sourceTree = "<group>"; };
		D4EE32EE243B5AB400ED3014 /* demo.app */ = {isa = PBXFileReference; explicitFileType = wrapper.application; includeInIndex = 0; path = demo.app; sourceTree = BUILT_PRODUCTS_DIR; };
		D4EE32F1243B5AB400ED3014 /* AppDelegate.h */ = {isa = PBXFileReference; lastKnownFileType = sourcecode.c.h; path = AppDelegate.h; sourceTree = "<group>"; };
		D4EE32F2243B5AB400ED3014 /* AppDelegate.m */ = {isa = PBXFileReference; lastKnownFileType = sourcecode.c.objc; path = AppDelegate.m; sourceTree = "<group>"; };
		D4EE32F4243B5AB400ED3014 /* SceneDelegate.h */ = {isa = PBXFileReference; lastKnownFileType = sourcecode.c.h; path = SceneDelegate.h; sourceTree = "<group>"; };
		D4EE32F5243B5AB400ED3014 /* SceneDelegate.m */ = {isa = PBXFileReference; lastKnownFileType = sourcecode.c.objc; path = SceneDelegate.m; sourceTree = "<group>"; };
		D4EE32F7243B5AB400ED3014 /* ViewController.h */ = {isa = PBXFileReference; lastKnownFileType = sourcecode.c.h; path = ViewController.h; sourceTree = "<group>"; };
		D4EE32F8243B5AB400ED3014 /* ViewController.m */ = {isa = PBXFileReference; lastKnownFileType = sourcecode.c.objc; path = ViewController.m; sourceTree = "<group>"; };
		D4EE32FB243B5AB400ED3014 /* Base */ = {isa = PBXFileReference; lastKnownFileType = file.storyboard; name = Base; path = Base.lproj/Main.storyboard; sourceTree = "<group>"; };
		D4EE32FD243B5AB500ED3014 /* Assets.xcassets */ = {isa = PBXFileReference; lastKnownFileType = folder.assetcatalog; path = Assets.xcassets; sourceTree = "<group>"; };
		D4EE3300243B5AB500ED3014 /* Base */ = {isa = PBXFileReference; lastKnownFileType = file.storyboard; name = Base; path = Base.lproj/LaunchScreen.storyboard; sourceTree = "<group>"; };
		D4EE3302243B5AB500ED3014 /* Info.plist */ = {isa = PBXFileReference; lastKnownFileType = text.plist.xml; path = Info.plist; sourceTree = "<group>"; };
		D4EE3303243B5AB500ED3014 /* main.m */ = {isa = PBXFileReference; lastKnownFileType = sourcecode.c.objc; path = main.m; sourceTree = "<group>"; };
		D4EE330B243B5AC400ED3014 /* VB_Out_Header.h */ = {isa = PBXFileReference; fileEncoding = 4; lastKnownFileType = sourcecode.c.h; path = VB_Out_Header.h; sourceTree = "<group>"; };
		D4EE330C243B5AC400ED3014 /* VB_Header.h */ = {isa = PBXFileReference; fileEncoding = 4; lastKnownFileType = sourcecode.c.h; path = VB_Header.h; sourceTree = "<group>"; };
		D4EE330D243B5AC400ED3014 /* VB_Entity.m */ = {isa = PBXFileReference; fileEncoding = 4; lastKnownFileType = sourcecode.c.objc; path = VB_Entity.m; sourceTree = "<group>"; };
		D4EE330E243B5AC400ED3014 /* VB_Presenter.m */ = {isa = PBXFileReference; fileEncoding = 4; lastKnownFileType = sourcecode.c.objc; path = VB_Presenter.m; sourceTree = "<group>"; };
		D4EE3312243B5AC400ED3014 /* VB_IndexPathEntity.h */ = {isa = PBXFileReference; fileEncoding = 4; lastKnownFileType = sourcecode.c.h; path = VB_IndexPathEntity.h; sourceTree = "<group>"; };
		D4EE3313243B5AC400ED3014 /* VB_IndexPathEntity.m */ = {isa = PBXFileReference; fileEncoding = 4; lastKnownFileType = sourcecode.c.objc; path = VB_IndexPathEntity.m; sourceTree = "<group>"; };
		D4EE3315243B5AC400ED3014 /* NSObject+PromiseAction.m */ = {isa = PBXFileReference; fileEncoding = 4; lastKnownFileType = sourcecode.c.objc; path = "NSObject+PromiseAction.m"; sourceTree = "<group>"; };
		D4EE3316243B5AC400ED3014 /* VB_Interactor+DataTrans.m */ = {isa = PBXFileReference; fileEncoding = 4; lastKnownFileType = sourcecode.c.objc; path = "VB_Interactor+DataTrans.m"; sourceTree = "<group>"; };
		D4EE3317243B5AC400ED3014 /* VB_Presenter+UIKit.h */ = {isa = PBXFileReference; fileEncoding = 4; lastKnownFileType = sourcecode.c.h; path = "VB_Presenter+UIKit.h"; sourceTree = "<group>"; };
		D4EE3318243B5AC400ED3014 /* VB_Router+CocoaTouch.m */ = {isa = PBXFileReference; fileEncoding = 4; lastKnownFileType = sourcecode.c.objc; path = "VB_Router+CocoaTouch.m"; sourceTree = "<group>"; };
		D4EE3319243B5AC400ED3014 /* VB_Presenter+Action.h */ = {isa = PBXFileReference; fileEncoding = 4; lastKnownFileType = sourcecode.c.h; path = "VB_Presenter+Action.h"; sourceTree = "<group>"; };
		D4EE331A243B5AC400ED3014 /* VB_Presenter+DataTrans.h */ = {isa = PBXFileReference; fileEncoding = 4; lastKnownFileType = sourcecode.c.h; path = "VB_Presenter+DataTrans.h"; sourceTree = "<group>"; };
		D4EE331B243B5AC400ED3014 /* VB_Presenter+UIKit.m */ = {isa = PBXFileReference; fileEncoding = 4; lastKnownFileType = sourcecode.c.objc; path = "VB_Presenter+UIKit.m"; sourceTree = "<group>"; };
		D4EE331C243B5AC400ED3014 /* NSObject+PromiseAction.h */ = {isa = PBXFileReference; fileEncoding = 4; lastKnownFileType = sourcecode.c.h; path = "NSObject+PromiseAction.h"; sourceTree = "<group>"; };
		D4EE331D243B5AC400ED3014 /* VB_Interactor+DataTrans.h */ = {isa = PBXFileReference; fileEncoding = 4; lastKnownFileType = sourcecode.c.h; path = "VB_Interactor+DataTrans.h"; sourceTree = "<group>"; };
		D4EE331E243B5AC400ED3014 /* VB_Router+CocoaTouch.h */ = {isa = PBXFileReference; fileEncoding = 4; lastKnownFileType = sourcecode.c.h; path = "VB_Router+CocoaTouch.h"; sourceTree = "<group>"; };
		D4EE331F243B5AC400ED3014 /* VB_Presenter+Action.m */ = {isa = PBXFileReference; fileEncoding = 4; lastKnownFileType = sourcecode.c.objc; path = "VB_Presenter+Action.m"; sourceTree = "<group>"; };
		D4EE3320243B5AC400ED3014 /* VB_Presenter+DataTrans.m */ = {isa = PBXFileReference; fileEncoding = 4; lastKnownFileType = sourcecode.c.objc; path = "VB_Presenter+DataTrans.m"; sourceTree = "<group>"; };
		D4EE3321243B5AC400ED3014 /* VB_Router.m */ = {isa = PBXFileReference; fileEncoding = 4; lastKnownFileType = sourcecode.c.objc; path = VB_Router.m; sourceTree = "<group>"; };
		D4EE3323243B5AC400ED3014 /* VB_TableviewComponent.h */ = {isa = PBXFileReference; fileEncoding = 4; lastKnownFileType = sourcecode.c.h; path = VB_TableviewComponent.h; sourceTree = "<group>"; };
		D4EE3324243B5AC400ED3014 /* VB_Component.m */ = {isa = PBXFileReference; fileEncoding = 4; lastKnownFileType = sourcecode.c.objc; path = VB_Component.m; sourceTree = "<group>"; };
		D4EE3325243B5AC400ED3014 /* VBCollectionChange.h */ = {isa = PBXFileReference; fileEncoding = 4; lastKnownFileType = sourcecode.c.h; path = VBCollectionChange.h; sourceTree = "<group>"; };
		D4EE3326243B5AC400ED3014 /* VB_TablePicker_Component.m */ = {isa = PBXFileReference; fileEncoding = 4; lastKnownFileType = sourcecode.c.objc; path = VB_TablePicker_Component.m; sourceTree = "<group>"; };
		D4EE3327243B5AC400ED3014 /* VB_AlertComponent.m */ = {isa = PBXFileReference; fileEncoding = 4; lastKnownFileType = sourcecode.c.objc; path = VB_AlertComponent.m; sourceTree = "<group>"; };
		D4EE3328243B5AC400ED3014 /* VB_Picker_Component.m */ = {isa = PBXFileReference; fileEncoding = 4; lastKnownFileType = sourcecode.c.objc; path = VB_Picker_Component.m; sourceTree = "<group>"; };
		D4EE332A243B5AC400ED3014 /* VB_STPopupComponent.h */ = {isa = PBXFileReference; fileEncoding = 4; lastKnownFileType = sourcecode.c.h; path = VB_STPopupComponent.h; sourceTree = "<group>"; };
		D4EE332B243B5AC400ED3014 /* VB_SVProgressHUDComponent.m */ = {isa = PBXFileReference; fileEncoding = 4; lastKnownFileType = sourcecode.c.objc; path = VB_SVProgressHUDComponent.m; sourceTree = "<group>"; };
		D4EE332C243B5AC400ED3014 /* VB_SVProgressHUDComponent.h */ = {isa = PBXFileReference; fileEncoding = 4; lastKnownFileType = sourcecode.c.h; path = VB_SVProgressHUDComponent.h; sourceTree = "<group>"; };
		D4EE332D243B5AC400ED3014 /* VB_STPopupComponent.m */ = {isa = PBXFileReference; fileEncoding = 4; lastKnownFileType = sourcecode.c.objc; path = VB_STPopupComponent.m; sourceTree = "<group>"; };
		D4EE332F243B5AC400ED3014 /* VB_Picker_Table_Interactor.m */ = {isa = PBXFileReference; fileEncoding = 4; lastKnownFileType = sourcecode.c.objc; path = VB_Picker_Table_Interactor.m; sourceTree = "<group>"; };
		D4EE3330243B5AC400ED3014 /* VB_Picker_Table_Presenter.m */ = {isa = PBXFileReference; fileEncoding = 4; lastKnownFileType = sourcecode.c.objc; path = VB_Picker_Table_Presenter.m; sourceTree = "<group>"; };
		D4EE3331243B5AC400ED3014 /* VB_Picker_Presenter.m */ = {isa = PBXFileReference; fileEncoding = 4; lastKnownFileType = sourcecode.c.objc; path = VB_Picker_Presenter.m; sourceTree = "<group>"; };
		D4EE3332243B5AC400ED3014 /* VB_Picker_Table_Presenter.h */ = {isa = PBXFileReference; fileEncoding = 4; lastKnownFileType = sourcecode.c.h; path = VB_Picker_Table_Presenter.h; sourceTree = "<group>"; };
		D4EE3333243B5AC400ED3014 /* VB_Picker_Table_Interactor.h */ = {isa = PBXFileReference; fileEncoding = 4; lastKnownFileType = sourcecode.c.h; path = VB_Picker_Table_Interactor.h; sourceTree = "<group>"; };
		D4EE3334243B5AC400ED3014 /* VB_Picker_Presenter_Header.h */ = {isa = PBXFileReference; fileEncoding = 4; lastKnownFileType = sourcecode.c.h; path = VB_Picker_Presenter_Header.h; sourceTree = "<group>"; };
		D4EE3335243B5AC400ED3014 /* VB_Picker_Presenter.h */ = {isa = PBXFileReference; fileEncoding = 4; lastKnownFileType = sourcecode.c.h; path = VB_Picker_Presenter.h; sourceTree = "<group>"; };
		D4EE3336243B5AC400ED3014 /* VB_TableviewComponent.m */ = {isa = PBXFileReference; fileEncoding = 4; lastKnownFileType = sourcecode.c.objc; path = VB_TableviewComponent.m; sourceTree = "<group>"; };
		D4EE3337243B5AC400ED3014 /* VBCollectionChange.m */ = {isa = PBXFileReference; fileEncoding = 4; lastKnownFileType = sourcecode.c.objc; path = VBCollectionChange.m; sourceTree = "<group>"; };
		D4EE3338243B5AC400ED3014 /* VB_Component.h */ = {isa = PBXFileReference; fileEncoding = 4; lastKnownFileType = sourcecode.c.h; path = VB_Component.h; sourceTree = "<group>"; };
		D4EE3339243B5AC400ED3014 /* VB_Picker_Component.h */ = {isa = PBXFileReference; fileEncoding = 4; lastKnownFileType = sourcecode.c.h; path = VB_Picker_Component.h; sourceTree = "<group>"; };
		D4EE333A243B5AC400ED3014 /* VB_AlertComponent.h */ = {isa = PBXFileReference; fileEncoding = 4; lastKnownFileType = sourcecode.c.h; path = VB_AlertComponent.h; sourceTree = "<group>"; };
		D4EE333B243B5AC400ED3014 /* VB_TablePicker_Component.h */ = {isa = PBXFileReference; fileEncoding = 4; lastKnownFileType = sourcecode.c.h; path = VB_TablePicker_Component.h; sourceTree = "<group>"; };
		D4EE333C243B5AC400ED3014 /* VB_Interactor.m */ = {isa = PBXFileReference; fileEncoding = 4; lastKnownFileType = sourcecode.c.objc; path = VB_Interactor.m; sourceTree = "<group>"; };
		D4EE333E243B5AC400ED3014 /* VB_Presenter+Gesture.h */ = {isa = PBXFileReference; fileEncoding = 4; lastKnownFileType = sourcecode.c.h; path = "VB_Presenter+Gesture.h"; sourceTree = "<group>"; };
		D4EE333F243B5AC400ED3014 /* UIControl+VB.h */ = {isa = PBXFileReference; fileEncoding = 4; lastKnownFileType = sourcecode.c.h; path = "UIControl+VB.h"; sourceTree = "<group>"; };
		D4EE3340243B5AC400ED3014 /* AnyPromise+VB.m */ = {isa = PBXFileReference; fileEncoding = 4; lastKnownFileType = sourcecode.c.objc; path = "AnyPromise+VB.m"; sourceTree = "<group>"; };
		D4EE3341243B5AC400ED3014 /* UIBarButtonItem+VB.h */ = {isa = PBXFileReference; fileEncoding = 4; lastKnownFileType = sourcecode.c.h; path = "UIBarButtonItem+VB.h"; sourceTree = "<group>"; };
		D4EE3342243B5AC400ED3014 /* VB_Router+Hide.h */ = {isa = PBXFileReference; fileEncoding = 4; lastKnownFileType = sourcecode.c.h; path = "VB_Router+Hide.h"; sourceTree = "<group>"; };
		D4EE3343243B5AC400ED3014 /* NSObject+VB.m */ = {isa = PBXFileReference; fileEncoding = 4; lastKnownFileType = sourcecode.c.objc; path = "NSObject+VB.m"; sourceTree = "<group>"; };
		D4EE3344243B5AC400ED3014 /* UITableViewCell+VB.m */ = {isa = PBXFileReference; fileEncoding = 4; lastKnownFileType = sourcecode.c.objc; path = "UITableViewCell+VB.m"; sourceTree = "<group>"; };
		D4EE3345243B5AC400ED3014 /* VB_Presenter+Gesture.m */ = {isa = PBXFileReference; fileEncoding = 4; lastKnownFileType = sourcecode.c.objc; path = "VB_Presenter+Gesture.m"; sourceTree = "<group>"; };
		D4EE3346243B5AC400ED3014 /* UIBarButtonItem+VB.m */ = {isa = PBXFileReference; fileEncoding = 4; lastKnownFileType = sourcecode.c.objc; path = "UIBarButtonItem+VB.m"; sourceTree = "<group>"; };
		D4EE3347243B5AC400ED3014 /* AnyPromise+VB.h */ = {isa = PBXFileReference; fileEncoding = 4; lastKnownFileType = sourcecode.c.h; path = "AnyPromise+VB.h"; sourceTree = "<group>"; };
		D4EE3348243B5AC400ED3014 /* UIControl+VB.m */ = {isa = PBXFileReference; fileEncoding = 4; lastKnownFileType = sourcecode.c.objc; path = "UIControl+VB.m"; sourceTree = "<group>"; };
		D4EE3349243B5AC400ED3014 /* UITableViewCell+VB.h */ = {isa = PBXFileReference; fileEncoding = 4; lastKnownFileType = sourcecode.c.h; path = "UITableViewCell+VB.h"; sourceTree = "<group>"; };
		D4EE334A243B5AC400ED3014 /* NSObject+VB.h */ = {isa = PBXFileReference; fileEncoding = 4; lastKnownFileType = sourcecode.c.h; path = "NSObject+VB.h"; sourceTree = "<group>"; };
		D4EE334B243B5AC400ED3014 /* VB_Router+Hide.m */ = {isa = PBXFileReference; fileEncoding = 4; lastKnownFileType = sourcecode.c.objc; path = "VB_Router+Hide.m"; sourceTree = "<group>"; };
		D4EE334C243B5AC400ED3014 /* VB_Entity.h */ = {isa = PBXFileReference; fileEncoding = 4; lastKnownFileType = sourcecode.c.h; path = VB_Entity.h; sourceTree = "<group>"; };
		D4EE334D243B5AC400ED3014 /* VB_Presenter.h */ = {isa = PBXFileReference; fileEncoding = 4; lastKnownFileType = sourcecode.c.h; path = VB_Presenter.h; sourceTree = "<group>"; };
		D4EE334F243B5AC400ED3014 /* VB_FileSelectorInteractor.h */ = {isa = PBXFileReference; fileEncoding = 4; lastKnownFileType = sourcecode.c.h; path = VB_FileSelectorInteractor.h; sourceTree = "<group>"; };
		D4EE3350243B5AC400ED3014 /* VB_FileSelectorInteractor.m */ = {isa = PBXFileReference; fileEncoding = 4; lastKnownFileType = sourcecode.c.objc; path = VB_FileSelectorInteractor.m; sourceTree = "<group>"; };
		D4EE3352243B5AC400ED3014 /* VB_FormatterManager.h */ = {isa = PBXFileReference; fileEncoding = 4; lastKnownFileType = sourcecode.c.h; path = VB_FormatterManager.h; sourceTree = "<group>"; };
		D4EE3353243B5AC400ED3014 /* VB_FormatterManager.m */ = {isa = PBXFileReference; fileEncoding = 4; lastKnownFileType = sourcecode.c.objc; path = VB_FormatterManager.m; sourceTree = "<group>"; };
		D4EE3357243B5AC400ED3014 /* VB_FontLoader.m */ = {isa = PBXFileReference; fileEncoding = 4; lastKnownFileType = sourcecode.c.objc; path = VB_FontLoader.m; sourceTree = "<group>"; };
		D4EE3358243B5AC400ED3014 /* VB_FontLoader.h */ = {isa = PBXFileReference; fileEncoding = 4; lastKnownFileType = sourcecode.c.h; path = VB_FontLoader.h; sourceTree = "<group>"; };
		D4EE335B243B5AC400ED3014 /* ImportedFontPresenter.m */ = {isa = PBXFileReference; fileEncoding = 4; lastKnownFileType = sourcecode.c.objc; path = ImportedFontPresenter.m; sourceTree = "<group>"; };
		D4EE335C243B5AC400ED3014 /* ImportedFontPresenter.h */ = {isa = PBXFileReference; fileEncoding = 4; lastKnownFileType = sourcecode.c.h; path = ImportedFontPresenter.h; sourceTree = "<group>"; };
		D4EE335E243B5AC400ED3014 /* SettingPageInteractor.h */ = {isa = PBXFileReference; fileEncoding = 4; lastKnownFileType = sourcecode.c.h; path = SettingPageInteractor.h; sourceTree = "<group>"; };
		D4EE3360243B5AC400ED3014 /* SettingPagePresenter.h */ = {isa = PBXFileReference; fileEncoding = 4; lastKnownFileType = sourcecode.c.h; path = SettingPagePresenter.h; sourceTree = "<group>"; };
		D4EE3362243B5AC400ED3014 /* SettingCellDescription.m */ = {isa = PBXFileReference; fileEncoding = 4; lastKnownFileType = sourcecode.c.objc; path = SettingCellDescription.m; sourceTree = "<group>"; };
		D4EE3363243B5AC400ED3014 /* SettingCellNumber.xib */ = {isa = PBXFileReference; fileEncoding = 4; lastKnownFileType = file.xib; path = SettingCellNumber.xib; sourceTree = "<group>"; };
		D4EE3364243B5AC400ED3014 /* SettingCellTitle.xib */ = {isa = PBXFileReference; fileEncoding = 4; lastKnownFileType = file.xib; path = SettingCellTitle.xib; sourceTree = "<group>"; };
		D4EE3365243B5AC400ED3014 /* SettingCellSwitch.m */ = {isa = PBXFileReference; fileEncoding = 4; lastKnownFileType = sourcecode.c.objc; path = SettingCellSwitch.m; sourceTree = "<group>"; };
		D4EE3366243B5AC400ED3014 /* SettingCellTitle.m */ = {isa = PBXFileReference; fileEncoding = 4; lastKnownFileType = sourcecode.c.objc; path = SettingCellTitle.m; sourceTree = "<group>"; };
		D4EE3367243B5AC400ED3014 /* SettingCellNumber.m */ = {isa = PBXFileReference; fileEncoding = 4; lastKnownFileType = sourcecode.c.objc; path = SettingCellNumber.m; sourceTree = "<group>"; };
		D4EE3368243B5AC400ED3014 /* SettingCellDescription.h */ = {isa = PBXFileReference; fileEncoding = 4; lastKnownFileType = sourcecode.c.h; path = SettingCellDescription.h; sourceTree = "<group>"; };
		D4EE3369243B5AC400ED3014 /* SettingCellDescription.xib */ = {isa = PBXFileReference; fileEncoding = 4; lastKnownFileType = file.xib; path = SettingCellDescription.xib; sourceTree = "<group>"; };
		D4EE336A243B5AC400ED3014 /* SettingCellNumber.h */ = {isa = PBXFileReference; fileEncoding = 4; lastKnownFileType = sourcecode.c.h; path = SettingCellNumber.h; sourceTree = "<group>"; };
		D4EE336B243B5AC400ED3014 /* SettingCellSwitch.xib */ = {isa = PBXFileReference; fileEncoding = 4; lastKnownFileType = file.xib; path = SettingCellSwitch.xib; sourceTree = "<group>"; };
		D4EE336C243B5AC400ED3014 /* SettingCellTitle.h */ = {isa = PBXFileReference; fileEncoding = 4; lastKnownFileType = sourcecode.c.h; path = SettingCellTitle.h; sourceTree = "<group>"; };
		D4EE336D243B5AC400ED3014 /* SettingCellSwitch.h */ = {isa = PBXFileReference; fileEncoding = 4; lastKnownFileType = sourcecode.c.h; path = SettingCellSwitch.h; sourceTree = "<group>"; };
		D4EE336E243B5AC400ED3014 /* SettingPageInteractor.m */ = {isa = PBXFileReference; fileEncoding = 4; lastKnownFileType = sourcecode.c.objc; path = SettingPageInteractor.m; sourceTree = "<group>"; };
		D4EE3370243B5AC400ED3014 /* SettingItemEntity.m */ = {isa = PBXFileReference; fileEncoding = 4; lastKnownFileType = sourcecode.c.objc; path = SettingItemEntity.m; sourceTree = "<group>"; };
		D4EE3371243B5AC400ED3014 /* SettingEntity.h */ = {isa = PBXFileReference; fileEncoding = 4; lastKnownFileType = sourcecode.c.h; path = SettingEntity.h; sourceTree = "<group>"; };
		D4EE3372243B5AC400ED3014 /* DemoSettingEntity.m */ = {isa = PBXFileReference; fileEncoding = 4; lastKnownFileType = sourcecode.c.objc; path = DemoSettingEntity.m; sourceTree = "<group>"; };
		D4EE3373243B5AC400ED3014 /* VBSettingEntityProtocal.h */ = {isa = PBXFileReference; fileEncoding = 4; lastKnownFileType = sourcecode.c.h; path = VBSettingEntityProtocal.h; sourceTree = "<group>"; };
		D4EE3374243B5AC400ED3014 /* DemoSettingEntity.h */ = {isa = PBXFileReference; fileEncoding = 4; lastKnownFileType = sourcecode.c.h; path = DemoSettingEntity.h; sourceTree = "<group>"; };
		D4EE3375243B5AC400ED3014 /* SettingEntity.m */ = {isa = PBXFileReference; fileEncoding = 4; lastKnownFileType = sourcecode.c.objc; path = SettingEntity.m; sourceTree = "<group>"; };
		D4EE3376243B5AC400ED3014 /* SettingItemEntity.h */ = {isa = PBXFileReference; fileEncoding = 4; lastKnownFileType = sourcecode.c.h; path = SettingItemEntity.h; sourceTree = "<group>"; };
		D4EE3377243B5AC400ED3014 /* SettingPagePresenter.m */ = {isa = PBXFileReference; fileEncoding = 4; lastKnownFileType = sourcecode.c.objc; path = SettingPagePresenter.m; sourceTree = "<group>"; };
		D4EE3379243B5AC400ED3014 /* SystemFontToolPresenter.m */ = {isa = PBXFileReference; fileEncoding = 4; lastKnownFileType = sourcecode.c.objc; path = SystemFontToolPresenter.m; sourceTree = "<group>"; };
		D4EE337A243B5AC400ED3014 /* SystemFontToolInteractor.m */ = {isa = PBXFileReference; fileEncoding = 4; lastKnownFileType = sourcecode.c.objc; path = SystemFontToolInteractor.m; sourceTree = "<group>"; };
		D4EE337C243B5AC400ED3014 /* DemoMainListCell.h */ = {isa = PBXFileReference; fileEncoding = 4; lastKnownFileType = sourcecode.c.h; path = DemoMainListCell.h; sourceTree = "<group>"; };
		D4EE337D243B5AC400ED3014 /* DemoMainListCell.xib */ = {isa = PBXFileReference; fileEncoding = 4; lastKnownFileType = file.xib; path = DemoMainListCell.xib; sourceTree = "<group>"; };
		D4EE337E243B5AC400ED3014 /* DemoMainListCell.m */ = {isa = PBXFileReference; fileEncoding = 4; lastKnownFileType = sourcecode.c.objc; path = DemoMainListCell.m; sourceTree = "<group>"; };
		D4EE337F243B5AC400ED3014 /* SystemFontToolInteractor.h */ = {isa = PBXFileReference; fileEncoding = 4; lastKnownFileType = sourcecode.c.h; path = SystemFontToolInteractor.h; sourceTree = "<group>"; };
		D4EE3380243B5AC400ED3014 /* SystemFontToolPresenter.h */ = {isa = PBXFileReference; fileEncoding = 4; lastKnownFileType = sourcecode.c.h; path = SystemFontToolPresenter.h; sourceTree = "<group>"; };
		D4EE3382243B5AC400ED3014 /* CustomCellEntity.m */ = {isa = PBXFileReference; fileEncoding = 4; lastKnownFileType = sourcecode.c.objc; path = CustomCellEntity.m; sourceTree = "<group>"; };
		D4EE3383243B5AC400ED3014 /* CustomCellEntity.h */ = {isa = PBXFileReference; fileEncoding = 4; lastKnownFileType = sourcecode.c.h; path = CustomCellEntity.h; sourceTree = "<group>"; };
		D4EE3384243B5AC400ED3014 /* VB_Interactor.h */ = {isa = PBXFileReference; fileEncoding = 4; lastKnownFileType = sourcecode.c.h; path = VB_Interactor.h; sourceTree = "<group>"; };
		D4EE3386243B5AC400ED3014 /* NSObject+Runtime.h */ = {isa = PBXFileReference; fileEncoding = 4; lastKnownFileType = sourcecode.c.h; path = "NSObject+Runtime.h"; sourceTree = "<group>"; };
		D4EE3387243B5AC400ED3014 /* VB_FetchProvider.m */ = {isa = PBXFileReference; fileEncoding = 4; lastKnownFileType = sourcecode.c.objc; path = VB_FetchProvider.m; sourceTree = "<group>"; };
		D4EE3388243B5AC400ED3014 /* VB_ArrayProvider.m */ = {isa = PBXFileReference; fileEncoding = 4; lastKnownFileType = sourcecode.c.objc; path = VB_ArrayProvider.m; sourceTree = "<group>"; };
		D4EE3389243B5AC400ED3014 /* VB_DataProvider.h */ = {isa = PBXFileReference; fileEncoding = 4; lastKnownFileType = sourcecode.c.h; path = VB_DataProvider.h; sourceTree = "<group>"; };
		D4EE338A243B5AC400ED3014 /* NSObject+Runtime.m */ = {isa = PBXFileReference; fileEncoding = 4; lastKnownFileType = sourcecode.c.objc; path = "NSObject+Runtime.m"; sourceTree = "<group>"; };
		D4EE338B243B5AC400ED3014 /* VB_ArrayProvider.h */ = {isa = PBXFileReference; fileEncoding = 4; lastKnownFileType = sourcecode.c.h; path = VB_ArrayProvider.h; sourceTree = "<group>"; };
		D4EE338C243B5AC400ED3014 /* VB_FetchProvider.h */ = {isa = PBXFileReference; fileEncoding = 4; lastKnownFileType = sourcecode.c.h; path = VB_FetchProvider.h; sourceTree = "<group>"; };
		D4EE338D243B5AC400ED3014 /* VB_DataProvider.m */ = {isa = PBXFileReference; fileEncoding = 4; lastKnownFileType = sourcecode.c.objc; path = VB_DataProvider.m; sourceTree = "<group>"; };
		D4EE338E243B5AC400ED3014 /* VB_Router.h */ = {isa = PBXFileReference; fileEncoding = 4; lastKnownFileType = sourcecode.c.h; path = VB_Router.h; sourceTree = "<group>"; };
		D4EE3390243B5AC400ED3014 /* UIViewController+VB_Debug.m */ = {isa = PBXFileReference; fileEncoding = 4; lastKnownFileType = sourcecode.c.objc; path = "UIViewController+VB_Debug.m"; sourceTree = "<group>"; };
		D4EE3391243B5AC400ED3014 /* UIViewController+VB_Debug.h */ = {isa = PBXFileReference; fileEncoding = 4; lastKnownFileType = sourcecode.c.h; path = "UIViewController+VB_Debug.h"; sourceTree = "<group>"; };
		EFCE8ACB283321834DD5B72D /* Pods_demo.framework */ = {isa = PBXFileReference; explicitFileType = wrapper.framework; includeInIndex = 0; path = Pods_demo.framework; sourceTree = BUILT_PRODUCTS_DIR; };
/* End PBXFileReference section */

/* Begin PBXFrameworksBuildPhase section */
		D4EE32EB243B5AB400ED3014 /* Frameworks */ = {
			isa = PBXFrameworksBuildPhase;
			buildActionMask = 2147483647;
			files = (
				87C084601DE16A950AA64004 /* Pods_demo.framework in Frameworks */,
			);
			runOnlyForDeploymentPostprocessing = 0;
		};
/* End PBXFrameworksBuildPhase section */

/* Begin PBXGroup section */
		B3AAC8F145405B323D5F38CE /* Pods */ = {
			isa = PBXGroup;
			children = (
				8B51DB0EF0BE0D12734FA0A4 /* Pods-demo.debug.xcconfig */,
				22DF1033DCAC75D298D555DD /* Pods-demo.release.xcconfig */,
			);
			path = Pods;
			sourceTree = "<group>";
		};
		D4EE32E5243B5AB400ED3014 = {
			isa = PBXGroup;
			children = (
				D4694312243C3BBE00E26D4A /* oc-viper-base.podspec */,
				D4EE330A243B5AC400ED3014 /* Classes */,
				D4EE32F0243B5AB400ED3014 /* demo */,
				D4EE32EF243B5AB400ED3014 /* Products */,
				B3AAC8F145405B323D5F38CE /* Pods */,
				F2BBCDC0E422A6231AAF8192 /* Frameworks */,
			);
			sourceTree = "<group>";
		};
		D4EE32EF243B5AB400ED3014 /* Products */ = {
			isa = PBXGroup;
			children = (
				D4EE32EE243B5AB400ED3014 /* demo.app */,
			);
			name = Products;
			sourceTree = "<group>";
		};
		D4EE32F0243B5AB400ED3014 /* demo */ = {
			isa = PBXGroup;
			children = (
				D4EE32F1243B5AB400ED3014 /* AppDelegate.h */,
				D4EE32F2243B5AB400ED3014 /* AppDelegate.m */,
				D4EE32F4243B5AB400ED3014 /* SceneDelegate.h */,
				D4EE32F5243B5AB400ED3014 /* SceneDelegate.m */,
				D4EE32F7243B5AB400ED3014 /* ViewController.h */,
				D4EE32F8243B5AB400ED3014 /* ViewController.m */,
				D4EE32FA243B5AB400ED3014 /* Main.storyboard */,
				D4EE32FD243B5AB500ED3014 /* Assets.xcassets */,
				D4EE32FF243B5AB500ED3014 /* LaunchScreen.storyboard */,
				D4EE3302243B5AB500ED3014 /* Info.plist */,
				D4EE3303243B5AB500ED3014 /* main.m */,
			);
			path = demo;
			sourceTree = "<group>";
		};
		D4EE330A243B5AC400ED3014 /* Classes */ = {
			isa = PBXGroup;
			children = (
				D4EE3385243B5AC400ED3014 /* Base */,
				D4EE3322243B5AC400ED3014 /* Component */,
				D4EE338F243B5AC400ED3014 /* Debug */,
				D4EE3311243B5AC400ED3014 /* Entity */,
				D4EE3314243B5AC400ED3014 /* Ext */,
				D4EE3356243B5AC400ED3014 /* Functions */,
				D4EE333D243B5AC400ED3014 /* Hide */,
				D4EE3359243B5AC400ED3014 /* Pages */,
				D4EE3351243B5AC400ED3014 /* Singleton */,
				D4EE334E243B5AC400ED3014 /* ToolInteractor */,
				D4EE3310243B5AC400ED3014 /* ToolPresenter */,
				D4EE330F243B5AC400ED3014 /* TypedInteractor */,
				D4EE334C243B5AC400ED3014 /* VB_Entity.h */,
				D4EE330D243B5AC400ED3014 /* VB_Entity.m */,
				D4EE330C243B5AC400ED3014 /* VB_Header.h */,
				D4EE3384243B5AC400ED3014 /* VB_Interactor.h */,
				D4EE333C243B5AC400ED3014 /* VB_Interactor.m */,
				D4EE330B243B5AC400ED3014 /* VB_Out_Header.h */,
				D4EE334D243B5AC400ED3014 /* VB_Presenter.h */,
				D4EE330E243B5AC400ED3014 /* VB_Presenter.m */,
				D4EE338E243B5AC400ED3014 /* VB_Router.h */,
				D4EE3321243B5AC400ED3014 /* VB_Router.m */,
				D4EE3354243B5AC400ED3014 /* View */,
			);
			name = Classes;
			path = "../oc-viper-base/Classes";
			sourceTree = "<group>";
		};
		D4EE330F243B5AC400ED3014 /* TypedInteractor */ = {
			isa = PBXGroup;
			children = (
			);
			path = TypedInteractor;
			sourceTree = "<group>";
		};
		D4EE3310243B5AC400ED3014 /* ToolPresenter */ = {
			isa = PBXGroup;
			children = (
			);
			path = ToolPresenter;
			sourceTree = "<group>";
		};
		D4EE3311243B5AC400ED3014 /* Entity */ = {
			isa = PBXGroup;
			children = (
				D4EE3312243B5AC400ED3014 /* VB_IndexPathEntity.h */,
				D4EE3313243B5AC400ED3014 /* VB_IndexPathEntity.m */,
			);
			path = Entity;
			sourceTree = "<group>";
		};
		D4EE3314243B5AC400ED3014 /* Ext */ = {
			isa = PBXGroup;
			children = (
				D4EE331C243B5AC400ED3014 /* NSObject+PromiseAction.h */,
				D4EE3315243B5AC400ED3014 /* NSObject+PromiseAction.m */,
				D4EE331D243B5AC400ED3014 /* VB_Interactor+DataTrans.h */,
				D4EE3316243B5AC400ED3014 /* VB_Interactor+DataTrans.m */,
				D4EE3319243B5AC400ED3014 /* VB_Presenter+Action.h */,
				D4EE331F243B5AC400ED3014 /* VB_Presenter+Action.m */,
				D4EE331A243B5AC400ED3014 /* VB_Presenter+DataTrans.h */,
				D4EE3320243B5AC400ED3014 /* VB_Presenter+DataTrans.m */,
				D4EE3317243B5AC400ED3014 /* VB_Presenter+UIKit.h */,
				D4EE331B243B5AC400ED3014 /* VB_Presenter+UIKit.m */,
				D4EE331E243B5AC400ED3014 /* VB_Router+CocoaTouch.h */,
				D4EE3318243B5AC400ED3014 /* VB_Router+CocoaTouch.m */,
				D469430F243C3B1E00E26D4A /* UIViewController+Router.h */,
				D4694310243C3B1E00E26D4A /* UIViewController+Router.m */,
			);
			path = Ext;
			sourceTree = "<group>";
		};
		D4EE3322243B5AC400ED3014 /* Component */ = {
			isa = PBXGroup;
			children = (
				D4EE3329243B5AC400ED3014 /* 3rd */,
				D4EE332E243B5AC400ED3014 /* Component */,
				D4EE333A243B5AC400ED3014 /* VB_AlertComponent.h */,
				D4EE3327243B5AC400ED3014 /* VB_AlertComponent.m */,
				D4EE3338243B5AC400ED3014 /* VB_Component.h */,
				D4EE3324243B5AC400ED3014 /* VB_Component.m */,
				D4EE3339243B5AC400ED3014 /* VB_Picker_Component.h */,
				D4EE3328243B5AC400ED3014 /* VB_Picker_Component.m */,
				D4EE333B243B5AC400ED3014 /* VB_TablePicker_Component.h */,
				D4EE3326243B5AC400ED3014 /* VB_TablePicker_Component.m */,
				D4EE3323243B5AC400ED3014 /* VB_TableviewComponent.h */,
				D4EE3336243B5AC400ED3014 /* VB_TableviewComponent.m */,
				D4EE3325243B5AC400ED3014 /* VBCollectionChange.h */,
				D4EE3337243B5AC400ED3014 /* VBCollectionChange.m */,
			);
			path = Component;
			sourceTree = "<group>";
		};
		D4EE3329243B5AC400ED3014 /* 3rd */ = {
			isa = PBXGroup;
			children = (
				D4EE332A243B5AC400ED3014 /* VB_STPopupComponent.h */,
				D4EE332B243B5AC400ED3014 /* VB_SVProgressHUDComponent.m */,
				D4EE332C243B5AC400ED3014 /* VB_SVProgressHUDComponent.h */,
				D4EE332D243B5AC400ED3014 /* VB_STPopupComponent.m */,
			);
			path = 3rd;
			sourceTree = "<group>";
		};
		D4EE332E243B5AC400ED3014 /* Component */ = {
			isa = PBXGroup;
			children = (
				D4EE3334243B5AC400ED3014 /* VB_Picker_Presenter_Header.h */,
				D4EE3335243B5AC400ED3014 /* VB_Picker_Presenter.h */,
				D4EE3331243B5AC400ED3014 /* VB_Picker_Presenter.m */,
				D4EE3333243B5AC400ED3014 /* VB_Picker_Table_Interactor.h */,
				D4EE332F243B5AC400ED3014 /* VB_Picker_Table_Interactor.m */,
				D4EE3332243B5AC400ED3014 /* VB_Picker_Table_Presenter.h */,
				D4EE3330243B5AC400ED3014 /* VB_Picker_Table_Presenter.m */,
			);
			path = Component;
			sourceTree = "<group>";
		};
		D4EE333D243B5AC400ED3014 /* Hide */ = {
			isa = PBXGroup;
			children = (
				D4EE333E243B5AC400ED3014 /* VB_Presenter+Gesture.h */,
				D4EE333F243B5AC400ED3014 /* UIControl+VB.h */,
				D4EE3340243B5AC400ED3014 /* AnyPromise+VB.m */,
				D4EE3341243B5AC400ED3014 /* UIBarButtonItem+VB.h */,
				D4EE3342243B5AC400ED3014 /* VB_Router+Hide.h */,
				D4EE3343243B5AC400ED3014 /* NSObject+VB.m */,
				D4EE3344243B5AC400ED3014 /* UITableViewCell+VB.m */,
				D4EE3345243B5AC400ED3014 /* VB_Presenter+Gesture.m */,
				D4EE3346243B5AC400ED3014 /* UIBarButtonItem+VB.m */,
				D4EE3347243B5AC400ED3014 /* AnyPromise+VB.h */,
				D4EE3348243B5AC400ED3014 /* UIControl+VB.m */,
				D4EE3349243B5AC400ED3014 /* UITableViewCell+VB.h */,
				D4EE334A243B5AC400ED3014 /* NSObject+VB.h */,
				D4EE334B243B5AC400ED3014 /* VB_Router+Hide.m */,
			);
			path = Hide;
			sourceTree = "<group>";
		};
		D4EE334E243B5AC400ED3014 /* ToolInteractor */ = {
			isa = PBXGroup;
			children = (
				D4EE334F243B5AC400ED3014 /* VB_FileSelectorInteractor.h */,
				D4EE3350243B5AC400ED3014 /* VB_FileSelectorInteractor.m */,
			);
			path = ToolInteractor;
			sourceTree = "<group>";
		};
		D4EE3351243B5AC400ED3014 /* Singleton */ = {
			isa = PBXGroup;
			children = (
				D4EE3352243B5AC400ED3014 /* VB_FormatterManager.h */,
				D4EE3353243B5AC400ED3014 /* VB_FormatterManager.m */,
			);
			path = Singleton;
			sourceTree = "<group>";
		};
		D4EE3354243B5AC400ED3014 /* View */ = {
			isa = PBXGroup;
			children = (
				D4EE3355243B5AC400ED3014 /* UIKit */,
			);
			path = View;
			sourceTree = "<group>";
		};
		D4EE3355243B5AC400ED3014 /* UIKit */ = {
			isa = PBXGroup;
			children = (
			);
			path = UIKit;
			sourceTree = "<group>";
		};
		D4EE3356243B5AC400ED3014 /* Functions */ = {
			isa = PBXGroup;
			children = (
				D4EE3357243B5AC400ED3014 /* VB_FontLoader.m */,
				D4EE3358243B5AC400ED3014 /* VB_FontLoader.h */,
			);
			path = Functions;
			sourceTree = "<group>";
		};
		D4EE3359243B5AC400ED3014 /* Pages */ = {
			isa = PBXGroup;
			children = (
				D4EE335A243B5AC400ED3014 /* ImportFonts */,
				D4EE335D243B5AC400ED3014 /* SettingPage */,
				D4EE3378243B5AC400ED3014 /* SystemFonts */,
			);
			path = Pages;
			sourceTree = "<group>";
		};
		D4EE335A243B5AC400ED3014 /* ImportFonts */ = {
			isa = PBXGroup;
			children = (
				D4EE335B243B5AC400ED3014 /* ImportedFontPresenter.m */,
				D4EE335C243B5AC400ED3014 /* ImportedFontPresenter.h */,
			);
			path = ImportFonts;
			sourceTree = "<group>";
		};
		D4EE335D243B5AC400ED3014 /* SettingPage */ = {
			isa = PBXGroup;
			children = (
				D4EE3361243B5AC400ED3014 /* Cell */,
				D4EE336F243B5AC400ED3014 /* Model */,
				D4EE335F243B5AC400ED3014 /* Presenter */,
				D4EE335E243B5AC400ED3014 /* SettingPageInteractor.h */,
				D4EE336E243B5AC400ED3014 /* SettingPageInteractor.m */,
				D4EE3360243B5AC400ED3014 /* SettingPagePresenter.h */,
				D4EE3377243B5AC400ED3014 /* SettingPagePresenter.m */,
			);
			path = SettingPage;
			sourceTree = "<group>";
		};
		D4EE335F243B5AC400ED3014 /* Presenter */ = {
			isa = PBXGroup;
			children = (
			);
			path = Presenter;
			sourceTree = "<group>";
		};
		D4EE3361243B5AC400ED3014 /* Cell */ = {
			isa = PBXGroup;
			children = (
				D4EE3362243B5AC400ED3014 /* SettingCellDescription.m */,
				D4EE3363243B5AC400ED3014 /* SettingCellNumber.xib */,
				D4EE3364243B5AC400ED3014 /* SettingCellTitle.xib */,
				D4EE3365243B5AC400ED3014 /* SettingCellSwitch.m */,
				D4EE3366243B5AC400ED3014 /* SettingCellTitle.m */,
				D4EE3367243B5AC400ED3014 /* SettingCellNumber.m */,
				D4EE3368243B5AC400ED3014 /* SettingCellDescription.h */,
				D4EE3369243B5AC400ED3014 /* SettingCellDescription.xib */,
				D4EE336A243B5AC400ED3014 /* SettingCellNumber.h */,
				D4EE336B243B5AC400ED3014 /* SettingCellSwitch.xib */,
				D4EE336C243B5AC400ED3014 /* SettingCellTitle.h */,
				D4EE336D243B5AC400ED3014 /* SettingCellSwitch.h */,
			);
			path = Cell;
			sourceTree = "<group>";
		};
		D4EE336F243B5AC400ED3014 /* Model */ = {
			isa = PBXGroup;
			children = (
				D4EE3370243B5AC400ED3014 /* SettingItemEntity.m */,
				D4EE3371243B5AC400ED3014 /* SettingEntity.h */,
				D4EE3372243B5AC400ED3014 /* DemoSettingEntity.m */,
				D4EE3373243B5AC400ED3014 /* VBSettingEntityProtocal.h */,
				D4EE3374243B5AC400ED3014 /* DemoSettingEntity.h */,
				D4EE3375243B5AC400ED3014 /* SettingEntity.m */,
				D4EE3376243B5AC400ED3014 /* SettingItemEntity.h */,
			);
			path = Model;
			sourceTree = "<group>";
		};
		D4EE3378243B5AC400ED3014 /* SystemFonts */ = {
			isa = PBXGroup;
			children = (
				D4EE337B243B5AC400ED3014 /* Cell */,
				D4EE3381243B5AC400ED3014 /* Model */,
				D4EE337F243B5AC400ED3014 /* SystemFontToolInteractor.h */,
				D4EE337A243B5AC400ED3014 /* SystemFontToolInteractor.m */,
				D4EE3380243B5AC400ED3014 /* SystemFontToolPresenter.h */,
				D4EE3379243B5AC400ED3014 /* SystemFontToolPresenter.m */,
			);
			path = SystemFonts;
			sourceTree = "<group>";
		};
		D4EE337B243B5AC400ED3014 /* Cell */ = {
			isa = PBXGroup;
			children = (
				D4EE337C243B5AC400ED3014 /* DemoMainListCell.h */,
				D4EE337D243B5AC400ED3014 /* DemoMainListCell.xib */,
				D4EE337E243B5AC400ED3014 /* DemoMainListCell.m */,
			);
			path = Cell;
			sourceTree = "<group>";
		};
		D4EE3381243B5AC400ED3014 /* Model */ = {
			isa = PBXGroup;
			children = (
				D4EE3382243B5AC400ED3014 /* CustomCellEntity.m */,
				D4EE3383243B5AC400ED3014 /* CustomCellEntity.h */,
			);
			path = Model;
			sourceTree = "<group>";
		};
		D4EE3385243B5AC400ED3014 /* Base */ = {
			isa = PBXGroup;
			children = (
				D4EE3386243B5AC400ED3014 /* NSObject+Runtime.h */,
				D4EE3387243B5AC400ED3014 /* VB_FetchProvider.m */,
				D4EE3388243B5AC400ED3014 /* VB_ArrayProvider.m */,
				D4EE3389243B5AC400ED3014 /* VB_DataProvider.h */,
				D4EE338A243B5AC400ED3014 /* NSObject+Runtime.m */,
				D4EE338B243B5AC400ED3014 /* VB_ArrayProvider.h */,
				D4EE338C243B5AC400ED3014 /* VB_FetchProvider.h */,
				D4EE338D243B5AC400ED3014 /* VB_DataProvider.m */,
			);
			path = Base;
			sourceTree = "<group>";
		};
		D4EE338F243B5AC400ED3014 /* Debug */ = {
			isa = PBXGroup;
			children = (
				D4EE3390243B5AC400ED3014 /* UIViewController+VB_Debug.m */,
				D4EE3391243B5AC400ED3014 /* UIViewController+VB_Debug.h */,
			);
			path = Debug;
			sourceTree = "<group>";
		};
		F2BBCDC0E422A6231AAF8192 /* Frameworks */ = {
			isa = PBXGroup;
			children = (
				EFCE8ACB283321834DD5B72D /* Pods_demo.framework */,
			);
			name = Frameworks;
			sourceTree = "<group>";
		};
/* End PBXGroup section */

/* Begin PBXNativeTarget section */
		D4EE32ED243B5AB400ED3014 /* demo */ = {
			isa = PBXNativeTarget;
			buildConfigurationList = D4EE3307243B5AB500ED3014 /* Build configuration list for PBXNativeTarget "demo" */;
			buildPhases = (
				CA1FDBD4214AF66B0DEA17A6 /* [CP] Check Pods Manifest.lock */,
				D4EE32EA243B5AB400ED3014 /* Sources */,
				D4EE32EB243B5AB400ED3014 /* Frameworks */,
				D4EE32EC243B5AB400ED3014 /* Resources */,
				A14F33BD46540FDE6B0842C5 /* [CP] Embed Pods Frameworks */,
			);
			buildRules = (
			);
			dependencies = (
			);
			name = demo;
			productName = demo;
			productReference = D4EE32EE243B5AB400ED3014 /* demo.app */;
			productType = "com.apple.product-type.application";
		};
/* End PBXNativeTarget section */

/* Begin PBXProject section */
		D4EE32E6243B5AB400ED3014 /* Project object */ = {
			isa = PBXProject;
			attributes = {
				LastUpgradeCheck = 1130;
				ORGANIZATIONNAME = orzer;
				TargetAttributes = {
					D4EE32ED243B5AB400ED3014 = {
						CreatedOnToolsVersion = 11.3.1;
					};
				};
			};
			buildConfigurationList = D4EE32E9243B5AB400ED3014 /* Build configuration list for PBXProject "demo" */;
			compatibilityVersion = "Xcode 9.3";
			developmentRegion = en;
			hasScannedForEncodings = 0;
			knownRegions = (
				en,
				Base,
			);
			mainGroup = D4EE32E5243B5AB400ED3014;
			productRefGroup = D4EE32EF243B5AB400ED3014 /* Products */;
			projectDirPath = "";
			projectRoot = "";
			targets = (
				D4EE32ED243B5AB400ED3014 /* demo */,
			);
		};
/* End PBXProject section */

/* Begin PBXResourcesBuildPhase section */
		D4EE32EC243B5AB400ED3014 /* Resources */ = {
			isa = PBXResourcesBuildPhase;
			buildActionMask = 2147483647;
			files = (
				D4694313243C3BBE00E26D4A /* oc-viper-base.podspec in Resources */,
				D4EE33B5243B5AC400ED3014 /* SettingCellTitle.xib in Resources */,
				D4EE33B9243B5AC400ED3014 /* SettingCellDescription.xib in Resources */,
				D4EE3301243B5AB500ED3014 /* LaunchScreen.storyboard in Resources */,
				D4EE33C2243B5AC400ED3014 /* DemoMainListCell.xib in Resources */,
				D4EE33B4243B5AC400ED3014 /* SettingCellNumber.xib in Resources */,
				D4EE32FE243B5AB500ED3014 /* Assets.xcassets in Resources */,
				D4EE33BA243B5AC400ED3014 /* SettingCellSwitch.xib in Resources */,
				D4EE32FC243B5AB400ED3014 /* Main.storyboard in Resources */,
			);
			runOnlyForDeploymentPostprocessing = 0;
		};
/* End PBXResourcesBuildPhase section */

/* Begin PBXShellScriptBuildPhase section */
		A14F33BD46540FDE6B0842C5 /* [CP] Embed Pods Frameworks */ = {
			isa = PBXShellScriptBuildPhase;
			buildActionMask = 2147483647;
			files = (
			);
			inputFileListPaths = (
				"${PODS_ROOT}/Target Support Files/Pods-demo/Pods-demo-frameworks-${CONFIGURATION}-input-files.xcfilelist",
			);
			name = "[CP] Embed Pods Frameworks";
			outputFileListPaths = (
				"${PODS_ROOT}/Target Support Files/Pods-demo/Pods-demo-frameworks-${CONFIGURATION}-output-files.xcfilelist",
			);
			runOnlyForDeploymentPostprocessing = 0;
			shellPath = /bin/sh;
			shellScript = "\"${PODS_ROOT}/Target Support Files/Pods-demo/Pods-demo-frameworks.sh\"\n";
			showEnvVarsInLog = 0;
		};
		CA1FDBD4214AF66B0DEA17A6 /* [CP] Check Pods Manifest.lock */ = {
			isa = PBXShellScriptBuildPhase;
			buildActionMask = 2147483647;
			files = (
			);
			inputFileListPaths = (
			);
			inputPaths = (
				"${PODS_PODFILE_DIR_PATH}/Podfile.lock",
				"${PODS_ROOT}/Manifest.lock",
			);
			name = "[CP] Check Pods Manifest.lock";
			outputFileListPaths = (
			);
			outputPaths = (
				"$(DERIVED_FILE_DIR)/Pods-demo-checkManifestLockResult.txt",
			);
			runOnlyForDeploymentPostprocessing = 0;
			shellPath = /bin/sh;
			shellScript = "diff \"${PODS_PODFILE_DIR_PATH}/Podfile.lock\" \"${PODS_ROOT}/Manifest.lock\" > /dev/null\nif [ $? != 0 ] ; then\n    # print error to STDERR\n    echo \"error: The sandbox is not in sync with the Podfile.lock. Run 'pod install' or update your CocoaPods installation.\" >&2\n    exit 1\nfi\n# This output is used by Xcode 'outputs' to avoid re-running this script phase.\necho \"SUCCESS\" > \"${SCRIPT_OUTPUT_FILE_0}\"\n";
			showEnvVarsInLog = 0;
		};
/* End PBXShellScriptBuildPhase section */

/* Begin PBXSourcesBuildPhase section */
		D4EE32EA243B5AB400ED3014 /* Sources */ = {
			isa = PBXSourcesBuildPhase;
			buildActionMask = 2147483647;
			files = (
				D4EE339A243B5AC400ED3014 /* VB_Presenter+DataTrans.m in Sources */,
				D4EE33A1243B5AC400ED3014 /* VB_STPopupComponent.m in Sources */,
				D4EE33BE243B5AC400ED3014 /* SettingEntity.m in Sources */,
				D4EE33C3243B5AC400ED3014 /* DemoMainListCell.m in Sources */,
				D4EE33B2243B5AC400ED3014 /* ImportedFontPresenter.m in Sources */,
				D4694311243C3B1E00E26D4A /* UIViewController+Router.m in Sources */,
				D4EE33AE243B5AC400ED3014 /* VB_Router+Hide.m in Sources */,
				D4EE33B8243B5AC400ED3014 /* SettingCellNumber.m in Sources */,
				D4EE33A7243B5AC400ED3014 /* VB_Interactor.m in Sources */,
				D4EE3399243B5AC400ED3014 /* VB_Presenter+Action.m in Sources */,
				D4EE33C4243B5AC400ED3014 /* CustomCellEntity.m in Sources */,
				D4EE33AF243B5AC400ED3014 /* VB_FileSelectorInteractor.m in Sources */,
				D4EE33AB243B5AC400ED3014 /* VB_Presenter+Gesture.m in Sources */,
				D4EE33C9243B5AC400ED3014 /* UIViewController+VB_Debug.m in Sources */,
				D4EE33A3243B5AC400ED3014 /* VB_Picker_Table_Presenter.m in Sources */,
				D4EE33BB243B5AC400ED3014 /* SettingPageInteractor.m in Sources */,
				D4EE33B3243B5AC400ED3014 /* SettingCellDescription.m in Sources */,
				D4EE339B243B5AC400ED3014 /* VB_Router.m in Sources */,
				D4EE3393243B5AC400ED3014 /* VB_Presenter.m in Sources */,
				D4EE33A9243B5AC400ED3014 /* NSObject+VB.m in Sources */,
				D4EE33BF243B5AC400ED3014 /* SettingPagePresenter.m in Sources */,
				D4EE339D243B5AC400ED3014 /* VB_TablePicker_Component.m in Sources */,
				D4EE33A5243B5AC400ED3014 /* VB_TableviewComponent.m in Sources */,
				D4EE33AD243B5AC400ED3014 /* UIControl+VB.m in Sources */,
				D4EE33C8243B5AC400ED3014 /* VB_DataProvider.m in Sources */,
				D4EE33C0243B5AC400ED3014 /* SystemFontToolPresenter.m in Sources */,
				D4EE3398243B5AC400ED3014 /* VB_Presenter+UIKit.m in Sources */,
				D4EE33A4243B5AC400ED3014 /* VB_Picker_Presenter.m in Sources */,
				D4EE33B6243B5AC400ED3014 /* SettingCellSwitch.m in Sources */,
				D4EE33C6243B5AC400ED3014 /* VB_ArrayProvider.m in Sources */,
				D4EE3394243B5AC400ED3014 /* VB_IndexPathEntity.m in Sources */,
				D4EE339F243B5AC400ED3014 /* VB_Picker_Component.m in Sources */,
				D4EE339C243B5AC400ED3014 /* VB_Component.m in Sources */,
				D4EE33C7243B5AC400ED3014 /* NSObject+Runtime.m in Sources */,
				D4EE33A6243B5AC400ED3014 /* VBCollectionChange.m in Sources */,
				D4EE33A2243B5AC400ED3014 /* VB_Picker_Table_Interactor.m in Sources */,
				D4EE3397243B5AC400ED3014 /* VB_Router+CocoaTouch.m in Sources */,
				D4EE339E243B5AC400ED3014 /* VB_AlertComponent.m in Sources */,
				D4EE33B1243B5AC400ED3014 /* VB_FontLoader.m in Sources */,
				D4EE3396243B5AC400ED3014 /* VB_Interactor+DataTrans.m in Sources */,
				D4EE32F9243B5AB400ED3014 /* ViewController.m in Sources */,
				D4EE33B7243B5AC400ED3014 /* SettingCellTitle.m in Sources */,
				D4EE3395243B5AC400ED3014 /* NSObject+PromiseAction.m in Sources */,
				D4EE33A0243B5AC400ED3014 /* VB_SVProgressHUDComponent.m in Sources */,
				D4EE33C5243B5AC400ED3014 /* VB_FetchProvider.m in Sources */,
				D4EE3392243B5AC400ED3014 /* VB_Entity.m in Sources */,
				D4EE33A8243B5AC400ED3014 /* AnyPromise+VB.m in Sources */,
				D4EE32F3243B5AB400ED3014 /* AppDelegate.m in Sources */,
				D4EE3304243B5AB500ED3014 /* main.m in Sources */,
				D4EE32F6243B5AB400ED3014 /* SceneDelegate.m in Sources */,
				D4EE33C1243B5AC400ED3014 /* SystemFontToolInteractor.m in Sources */,
				D4EE33BC243B5AC400ED3014 /* SettingItemEntity.m in Sources */,
				D4EE33AC243B5AC400ED3014 /* UIBarButtonItem+VB.m in Sources */,
				D4EE33B0243B5AC400ED3014 /* VB_FormatterManager.m in Sources */,
				D4EE33BD243B5AC400ED3014 /* DemoSettingEntity.m in Sources */,
				D4EE33AA243B5AC400ED3014 /* UITableViewCell+VB.m in Sources */,
			);
			runOnlyForDeploymentPostprocessing = 0;
		};
/* End PBXSourcesBuildPhase section */

/* Begin PBXVariantGroup section */
		D4EE32FA243B5AB400ED3014 /* Main.storyboard */ = {
			isa = PBXVariantGroup;
			children = (
				D4EE32FB243B5AB400ED3014 /* Base */,
			);
			name = Main.storyboard;
			sourceTree = "<group>";
		};
		D4EE32FF243B5AB500ED3014 /* LaunchScreen.storyboard */ = {
			isa = PBXVariantGroup;
			children = (
				D4EE3300243B5AB500ED3014 /* Base */,
			);
			name = LaunchScreen.storyboard;
			sourceTree = "<group>";
		};
/* End PBXVariantGroup section */

/* Begin XCBuildConfiguration section */
		D4EE3305243B5AB500ED3014 /* Debug */ = {
			isa = XCBuildConfiguration;
			buildSettings = {
				ALWAYS_SEARCH_USER_PATHS = NO;
				CLANG_ANALYZER_NONNULL = YES;
				CLANG_ANALYZER_NUMBER_OBJECT_CONVERSION = YES_AGGRESSIVE;
				CLANG_CXX_LANGUAGE_STANDARD = "gnu++14";
				CLANG_CXX_LIBRARY = "libc++";
				CLANG_ENABLE_MODULES = YES;
				CLANG_ENABLE_OBJC_ARC = YES;
				CLANG_ENABLE_OBJC_WEAK = YES;
				CLANG_WARN_BLOCK_CAPTURE_AUTORELEASING = YES;
				CLANG_WARN_BOOL_CONVERSION = YES;
				CLANG_WARN_COMMA = YES;
				CLANG_WARN_CONSTANT_CONVERSION = YES;
				CLANG_WARN_DEPRECATED_OBJC_IMPLEMENTATIONS = YES;
				CLANG_WARN_DIRECT_OBJC_ISA_USAGE = YES_ERROR;
				CLANG_WARN_DOCUMENTATION_COMMENTS = YES;
				CLANG_WARN_EMPTY_BODY = YES;
				CLANG_WARN_ENUM_CONVERSION = YES;
				CLANG_WARN_INFINITE_RECURSION = YES;
				CLANG_WARN_INT_CONVERSION = YES;
				CLANG_WARN_NON_LITERAL_NULL_CONVERSION = YES;
				CLANG_WARN_OBJC_IMPLICIT_RETAIN_SELF = YES;
				CLANG_WARN_OBJC_LITERAL_CONVERSION = YES;
				CLANG_WARN_OBJC_ROOT_CLASS = YES_ERROR;
				CLANG_WARN_RANGE_LOOP_ANALYSIS = YES;
				CLANG_WARN_STRICT_PROTOTYPES = YES;
				CLANG_WARN_SUSPICIOUS_MOVE = YES;
				CLANG_WARN_UNGUARDED_AVAILABILITY = YES_AGGRESSIVE;
				CLANG_WARN_UNREACHABLE_CODE = YES;
				CLANG_WARN__DUPLICATE_METHOD_MATCH = YES;
				COPY_PHASE_STRIP = NO;
				DEBUG_INFORMATION_FORMAT = dwarf;
				ENABLE_STRICT_OBJC_MSGSEND = YES;
				ENABLE_TESTABILITY = YES;
				GCC_C_LANGUAGE_STANDARD = gnu11;
				GCC_DYNAMIC_NO_PIC = NO;
				GCC_NO_COMMON_BLOCKS = YES;
				GCC_OPTIMIZATION_LEVEL = 0;
				GCC_PREPROCESSOR_DEFINITIONS = (
					"DEBUG=1",
					"$(inherited)",
				);
				GCC_WARN_64_TO_32_BIT_CONVERSION = YES;
				GCC_WARN_ABOUT_RETURN_TYPE = YES_ERROR;
				GCC_WARN_UNDECLARED_SELECTOR = YES;
				GCC_WARN_UNINITIALIZED_AUTOS = YES_AGGRESSIVE;
				GCC_WARN_UNUSED_FUNCTION = YES;
				GCC_WARN_UNUSED_VARIABLE = YES;
				IPHONEOS_DEPLOYMENT_TARGET = 13.2;
				MTL_ENABLE_DEBUG_INFO = INCLUDE_SOURCE;
				MTL_FAST_MATH = YES;
				ONLY_ACTIVE_ARCH = YES;
				SDKROOT = iphoneos;
			};
			name = Debug;
		};
		D4EE3306243B5AB500ED3014 /* Release */ = {
			isa = XCBuildConfiguration;
			buildSettings = {
				ALWAYS_SEARCH_USER_PATHS = NO;
				CLANG_ANALYZER_NONNULL = YES;
				CLANG_ANALYZER_NUMBER_OBJECT_CONVERSION = YES_AGGRESSIVE;
				CLANG_CXX_LANGUAGE_STANDARD = "gnu++14";
				CLANG_CXX_LIBRARY = "libc++";
				CLANG_ENABLE_MODULES = YES;
				CLANG_ENABLE_OBJC_ARC = YES;
				CLANG_ENABLE_OBJC_WEAK = YES;
				CLANG_WARN_BLOCK_CAPTURE_AUTORELEASING = YES;
				CLANG_WARN_BOOL_CONVERSION = YES;
				CLANG_WARN_COMMA = YES;
				CLANG_WARN_CONSTANT_CONVERSION = YES;
				CLANG_WARN_DEPRECATED_OBJC_IMPLEMENTATIONS = YES;
				CLANG_WARN_DIRECT_OBJC_ISA_USAGE = YES_ERROR;
				CLANG_WARN_DOCUMENTATION_COMMENTS = YES;
				CLANG_WARN_EMPTY_BODY = YES;
				CLANG_WARN_ENUM_CONVERSION = YES;
				CLANG_WARN_INFINITE_RECURSION = YES;
				CLANG_WARN_INT_CONVERSION = YES;
				CLANG_WARN_NON_LITERAL_NULL_CONVERSION = YES;
				CLANG_WARN_OBJC_IMPLICIT_RETAIN_SELF = YES;
				CLANG_WARN_OBJC_LITERAL_CONVERSION = YES;
				CLANG_WARN_OBJC_ROOT_CLASS = YES_ERROR;
				CLANG_WARN_RANGE_LOOP_ANALYSIS = YES;
				CLANG_WARN_STRICT_PROTOTYPES = YES;
				CLANG_WARN_SUSPICIOUS_MOVE = YES;
				CLANG_WARN_UNGUARDED_AVAILABILITY = YES_AGGRESSIVE;
				CLANG_WARN_UNREACHABLE_CODE = YES;
				CLANG_WARN__DUPLICATE_METHOD_MATCH = YES;
				COPY_PHASE_STRIP = NO;
				DEBUG_INFORMATION_FORMAT = "dwarf-with-dsym";
				ENABLE_NS_ASSERTIONS = NO;
				ENABLE_STRICT_OBJC_MSGSEND = YES;
				GCC_C_LANGUAGE_STANDARD = gnu11;
				GCC_NO_COMMON_BLOCKS = YES;
				GCC_WARN_64_TO_32_BIT_CONVERSION = YES;
				GCC_WARN_ABOUT_RETURN_TYPE = YES_ERROR;
				GCC_WARN_UNDECLARED_SELECTOR = YES;
				GCC_WARN_UNINITIALIZED_AUTOS = YES_AGGRESSIVE;
				GCC_WARN_UNUSED_FUNCTION = YES;
				GCC_WARN_UNUSED_VARIABLE = YES;
				IPHONEOS_DEPLOYMENT_TARGET = 13.2;
				MTL_ENABLE_DEBUG_INFO = NO;
				MTL_FAST_MATH = YES;
				SDKROOT = iphoneos;
				VALIDATE_PRODUCT = YES;
			};
			name = Release;
		};
		D4EE3308243B5AB500ED3014 /* Debug */ = {
			isa = XCBuildConfiguration;
			baseConfigurationReference = 8B51DB0EF0BE0D12734FA0A4 /* Pods-demo.debug.xcconfig */;
			buildSettings = {
				ASSETCATALOG_COMPILER_APPICON_NAME = AppIcon;
				CODE_SIGN_STYLE = Automatic;
				DEVELOPMENT_TEAM = ZLQPGKAQFY;
				INFOPLIST_FILE = demo/Info.plist;
				LD_RUNPATH_SEARCH_PATHS = (
					"$(inherited)",
					"@executable_path/Frameworks",
				);
				PRODUCT_BUNDLE_IDENTIFIER = com.orzer.demo;
				PRODUCT_NAME = "$(TARGET_NAME)";
				TARGETED_DEVICE_FAMILY = "1,2";
			};
			name = Debug;
		};
		D4EE3309243B5AB500ED3014 /* Release */ = {
			isa = XCBuildConfiguration;
			baseConfigurationReference = 22DF1033DCAC75D298D555DD /* Pods-demo.release.xcconfig */;
			buildSettings = {
				ASSETCATALOG_COMPILER_APPICON_NAME = AppIcon;
				CODE_SIGN_STYLE = Automatic;
				DEVELOPMENT_TEAM = ZLQPGKAQFY;
				INFOPLIST_FILE = demo/Info.plist;
				LD_RUNPATH_SEARCH_PATHS = (
					"$(inherited)",
					"@executable_path/Frameworks",
				);
				PRODUCT_BUNDLE_IDENTIFIER = com.orzer.demo;
				PRODUCT_NAME = "$(TARGET_NAME)";
				TARGETED_DEVICE_FAMILY = "1,2";
			};
			name = Release;
		};
/* End XCBuildConfiguration section */

/* Begin XCConfigurationList section */
		D4EE32E9243B5AB400ED3014 /* Build configuration list for PBXProject "demo" */ = {
			isa = XCConfigurationList;
			buildConfigurations = (
				D4EE3305243B5AB500ED3014 /* Debug */,
				D4EE3306243B5AB500ED3014 /* Release */,
			);
			defaultConfigurationIsVisible = 0;
			defaultConfigurationName = Release;
		};
		D4EE3307243B5AB500ED3014 /* Build configuration list for PBXNativeTarget "demo" */ = {
			isa = XCConfigurationList;
			buildConfigurations = (
				D4EE3308243B5AB500ED3014 /* Debug */,
				D4EE3309243B5AB500ED3014 /* Release */,
			);
			defaultConfigurationIsVisible = 0;
			defaultConfigurationName = Release;
		};
/* End XCConfigurationList section */
	};
	rootObject = D4EE32E6243B5AB400ED3014 /* Project object */;
}
